
Microsoft Visual Studio Solution File, Format Version 12.00
# Visual Studio Version 16
VisualStudioVersion = 16.0.30002.166
MinimumVisualStudioVersion = 10.0.40219.1
Project("{FAE04EC0-301F-11D3-BF4B-00C04F79EFBC}") = "MvcMovie", "MvcMovie.csproj", "{13EBD882-320D-406D-9436-6C9DFD347BD6}"
EndProject
Global
	GlobalSection(SolutionConfigurationPlatforms) = preSolution
		Debug|Any CPU = Debug|Any CPU
		Release|Any CPU = Release|Any CPU
	EndGlobalSection
	GlobalSection(ProjectConfigurationPlatforms) = postSolution
		{13EBD882-320D-406D-9436-6C9DFD347BD6}.Debug|Any CPU.ActiveCfg = Debug|Any CPU
		{13EBD882-320D-406D-9436-6C9DFD347BD6}.Debug|Any CPU.Build.0 = Debug|Any CPU
		{13EBD882-320D-406D-9436-6C9DFD347BD6}.Release|Any CPU.ActiveCfg = Release|Any CPU
		{13EBD882-320D-406D-9436-6C9DFD347BD6}.Release|Any CPU.Build.0 = Release|Any CPU
	EndGlobalSection
	GlobalSection(SolutionProperties) = preSolution
		HideSolutionNode = FALSE
	EndGlobalSection
	GlobalSection(ExtensibilityGlobals) = postSolution
		SolutionGuid = {AB2EB69F-EF34-44D1-9E84-40581D0D28AA}
	EndGlobalSection
EndGlobal
