
Microsoft Visual Studio Solution File, Format Version 12.00
# Visual Studio Version 16
VisualStudioVersion = 16.0.30002.166
MinimumVisualStudioVersion = 10.0.40219.1
Project("{FAE04EC0-301F-11D3-BF4B-00C04F79EFBC}") = "TodoApi", "TodoApi.csproj", "{B7C67E4B-C983-4F5F-92FA-71FF39974D20}"
EndProject
Global
	GlobalSection(SolutionConfigurationPlatforms) = preSolution
		Debug|Any CPU = Debug|Any CPU
		Release|Any CPU = Release|Any CPU
	EndGlobalSection
	GlobalSection(ProjectConfigurationPlatforms) = postSolution
		{B7C67E4B-C983-4F5F-92FA-71FF39974D20}.Debug|Any CPU.ActiveCfg = Debug|Any CPU
		{B7C67E4B-C983-4F5F-92FA-71FF39974D20}.Debug|Any CPU.Build.0 = Debug|Any CPU
		{B7C67E4B-C983-4F5F-92FA-71FF39974D20}.Release|Any CPU.ActiveCfg = Release|Any CPU
		{B7C67E4B-C983-4F5F-92FA-71FF39974D20}.Release|Any CPU.Build.0 = Release|Any CPU
	EndGlobalSection
	GlobalSection(SolutionProperties) = preSolution
		HideSolutionNode = FALSE
	EndGlobalSection
	GlobalSection(ExtensibilityGlobals) = postSolution
		SolutionGuid = {615E4A8B-DDBB-47D9-851B-5C371286069D}
	EndGlobalSection
EndGlobal
