
Microsoft Visual Studio Solution File, Format Version 12.00
# Visual Studio Version 16
VisualStudioVersion = 16.0.30002.166
MinimumVisualStudioVersion = 10.0.40219.1
Project("{9A19103F-16F7-4668-BE54-9A1E7A4F7556}") = "EmployeeRegistration", "EmployeeRegistration.csproj", "{9F79A01F-6E34-4DC4-BE6D-C4A9AA52C4AD}"
EndProject
Global
	GlobalSection(SolutionConfigurationPlatforms) = preSolution
		Debug|Any CPU = Debug|Any CPU
		Release|Any CPU = Release|Any CPU
	EndGlobalSection
	GlobalSection(ProjectConfigurationPlatforms) = postSolution
		{9F79A01F-6E34-4DC4-BE6D-C4A9AA52C4AD}.Debug|Any CPU.ActiveCfg = Debug|Any CPU
		{9F79A01F-6E34-4DC4-BE6D-C4A9AA52C4AD}.Debug|Any CPU.Build.0 = Debug|Any CPU
		{9F79A01F-6E34-4DC4-BE6D-C4A9AA52C4AD}.Release|Any CPU.ActiveCfg = Release|Any CPU
		{9F79A01F-6E34-4DC4-BE6D-C4A9AA52C4AD}.Release|Any CPU.Build.0 = Release|Any CPU
	EndGlobalSection
	GlobalSection(SolutionProperties) = preSolution
		HideSolutionNode = FALSE
	EndGlobalSection
	GlobalSection(ExtensibilityGlobals) = postSolution
		SolutionGuid = {2165B4EC-DD8E-41D6-B885-08FEC2A34C60}
	EndGlobalSection
EndGlobal
